
Microsoft Visual Studio Solution File, Format Version 12.00
# Visual Studio Version 17
VisualStudioVersion = 17.5.33516.290
MinimumVisualStudioVersion = 10.0.40219.1
Project("{FAE04EC0-301F-11D3-BF4B-00C04F79EFBC}") = "Organic_Shop_BackEnd", "Organic_Shop_BackEnd\Organic_Shop_BackEnd.csproj", "{468BB947-0539-4778-BAE8-C8D20DEB1423}"
EndProject
Global
	GlobalSection(SolutionConfigurationPlatforms) = preSolution
		Debug|Any CPU = Debug|Any CPU
		Release|Any CPU = Release|Any CPU
	EndGlobalSection
	GlobalSection(ProjectConfigurationPlatforms) = postSolution
		{468BB947-0539-4778-BAE8-C8D20DEB1423}.Debug|Any CPU.ActiveCfg = Debug|Any CPU
		{468BB947-0539-4778-BAE8-C8D20DEB1423}.Debug|Any CPU.Build.0 = Debug|Any CPU
		{468BB947-0539-4778-BAE8-C8D20DEB1423}.Release|Any CPU.ActiveCfg = Release|Any CPU
		{468BB947-0539-4778-BAE8-C8D20DEB1423}.Release|Any CPU.Build.0 = Release|Any CPU
	EndGlobalSection
	GlobalSection(SolutionProperties) = preSolution
		HideSolutionNode = FALSE
	EndGlobalSection
	GlobalSection(ExtensibilityGlobals) = postSolution
		SolutionGuid = {02B8B740-58CC-43A8-B79A-9F0D4D7F5BCB}
	EndGlobalSection
EndGlobal
